// !$*UTF8*$!
{
	archiveVersion = 1;
	classes = {
	};
	objectVersion = 50;
	objects = {

/* Begin PBXBuildFile section */
		395967732B65B208C6E647BB /* Pods_CloneInstagram.framework in Frameworks */ = {isa = PBXBuildFile; fileRef = E510D4FFBF3E6D8E8D6603D6 /* Pods_CloneInstagram.framework */; };
		A332FB665E982C912093FD2A /* Pods_CloneInstagramTests.framework in Frameworks */ = {isa = PBXBuildFile; fileRef = 57716D77BBA7240BFE368EAB /* Pods_CloneInstagramTests.framework */; };
		A359A18C923193327D74ED50 /* Pods_CloneInstagramUITests.framework in Frameworks */ = {isa = PBXBuildFile; fileRef = A72250BCD4E6104F83927FAA /* Pods_CloneInstagramUITests.framework */; };
		CC86A34520F55E930077DFD9 /* AppDelegate.swift in Sources */ = {isa = PBXBuildFile; fileRef = CC86A34420F55E930077DFD9 /* AppDelegate.swift */; };
		CC86A34720F55E930077DFD9 /* FeedVC.swift in Sources */ = {isa = PBXBuildFile; fileRef = CC86A34620F55E930077DFD9 /* FeedVC.swift */; };
		CC86A34920F55E930077DFD9 /* UploadVC.swift in Sources */ = {isa = PBXBuildFile; fileRef = CC86A34820F55E930077DFD9 /* UploadVC.swift */; };
		CC86A34C20F55E930077DFD9 /* Main.storyboard in Resources */ = {isa = PBXBuildFile; fileRef = CC86A34A20F55E930077DFD9 /* Main.storyboard */; };
		CC86A34E20F55E940077DFD9 /* Assets.xcassets in Resources */ = {isa = PBXBuildFile; fileRef = CC86A34D20F55E940077DFD9 /* Assets.xcassets */; };
		CC86A35120F55E940077DFD9 /* LaunchScreen.storyboard in Resources */ = {isa = PBXBuildFile; fileRef = CC86A34F20F55E940077DFD9 /* LaunchScreen.storyboard */; };
		CC86A35C20F55E940077DFD9 /* CloneInstagramTests.swift in Sources */ = {isa = PBXBuildFile; fileRef = CC86A35B20F55E940077DFD9 /* CloneInstagramTests.swift */; };
		CC86A36720F55E940077DFD9 /* CloneInstagramUITests.swift in Sources */ = {isa = PBXBuildFile; fileRef = CC86A36620F55E940077DFD9 /* CloneInstagramUITests.swift */; };
		CC86A37920F5857E0077DFD9 /* SignInVC.swift in Sources */ = {isa = PBXBuildFile; fileRef = CC86A37820F5857E0077DFD9 /* SignInVC.swift */; };
/* End PBXBuildFile section */

/* Begin PBXContainerItemProxy section */
		CC86A35820F55E940077DFD9 /* PBXContainerItemProxy */ = {
			isa = PBXContainerItemProxy;
			containerPortal = CC86A33920F55E930077DFD9 /* Project object */;
			proxyType = 1;
			remoteGlobalIDString = CC86A34020F55E930077DFD9;
			remoteInfo = CloneInstagram;
		};
		CC86A36320F55E940077DFD9 /* PBXContainerItemProxy */ = {
			isa = PBXContainerItemProxy;
			containerPortal = CC86A33920F55E930077DFD9 /* Project object */;
			proxyType = 1;
			remoteGlobalIDString = CC86A34020F55E930077DFD9;
			remoteInfo = CloneInstagram;
		};
/* End PBXContainerItemProxy section */

/* Begin PBXFileReference section */
		033AFA6B79533DECE273BE06 /* Pods-CloneInstagramTests.debug.xcconfig */ = {isa = PBXFileReference; includeInIndex = 1; lastKnownFileType = text.xcconfig; name = "Pods-CloneInstagramTests.debug.xcconfig"; path = "Pods/Target Support Files/Pods-CloneInstagramTests/Pods-CloneInstagramTests.debug.xcconfig"; sourceTree = "<group>"; };
		4D119286A34C7BEDB3A25C92 /* Pods-CloneInstagramUITests.debug.xcconfig */ = {isa = PBXFileReference; includeInIndex = 1; lastKnownFileType = text.xcconfig; name = "Pods-CloneInstagramUITests.debug.xcconfig"; path = "Pods/Target Support Files/Pods-CloneInstagramUITests/Pods-CloneInstagramUITests.debug.xcconfig"; sourceTree = "<group>"; };
		57716D77BBA7240BFE368EAB /* Pods_CloneInstagramTests.framework */ = {isa = PBXFileReference; explicitFileType = wrapper.framework; includeInIndex = 0; path = Pods_CloneInstagramTests.framework; sourceTree = BUILT_PRODUCTS_DIR; };
		713BC76F82A4F538F8BB167C /* Pods-CloneInstagramTests.release.xcconfig */ = {isa = PBXFileReference; includeInIndex = 1; lastKnownFileType = text.xcconfig; name = "Pods-CloneInstagramTests.release.xcconfig"; path = "Pods/Target Support Files/Pods-CloneInstagramTests/Pods-CloneInstagramTests.release.xcconfig"; sourceTree = "<group>"; };
		A16F93F2DE97439E7A076725 /* Pods-CloneInstagram.release.xcconfig */ = {isa = PBXFileReference; includeInIndex = 1; lastKnownFileType = text.xcconfig; name = "Pods-CloneInstagram.release.xcconfig"; path = "Pods/Target Support Files/Pods-CloneInstagram/Pods-CloneInstagram.release.xcconfig"; sourceTree = "<group>"; };
		A72250BCD4E6104F83927FAA /* Pods_CloneInstagramUITests.framework */ = {isa = PBXFileReference; explicitFileType = wrapper.framework; includeInIndex = 0; path = Pods_CloneInstagramUITests.framework; sourceTree = BUILT_PRODUCTS_DIR; };
		B100CD15860689AD03D45898 /* Pods-CloneInstagramUITests.release.xcconfig */ = {isa = PBXFileReference; includeInIndex = 1; lastKnownFileType = text.xcconfig; name = "Pods-CloneInstagramUITests.release.xcconfig"; path = "Pods/Target Support Files/Pods-CloneInstagramUITests/Pods-CloneInstagramUITests.release.xcconfig"; sourceTree = "<group>"; };
		B90B9D3D0945493827C16155 /* Pods-CloneInstagram.debug.xcconfig */ = {isa = PBXFileReference; includeInIndex = 1; lastKnownFileType = text.xcconfig; name = "Pods-CloneInstagram.debug.xcconfig"; path = "Pods/Target Support Files/Pods-CloneInstagram/Pods-CloneInstagram.debug.xcconfig"; sourceTree = "<group>"; };
		CC86A34120F55E930077DFD9 /* CloneInstagram.app */ = {isa = PBXFileReference; explicitFileType = wrapper.application; includeInIndex = 0; path = CloneInstagram.app; sourceTree = BUILT_PRODUCTS_DIR; };
		CC86A34420F55E930077DFD9 /* AppDelegate.swift */ = {isa = PBXFileReference; lastKnownFileType = sourcecode.swift; path = AppDelegate.swift; sourceTree = "<group>"; };
		CC86A34620F55E930077DFD9 /* FeedVC.swift */ = {isa = PBXFileReference; lastKnownFileType = sourcecode.swift; path = FeedVC.swift; sourceTree = "<group>"; };
		CC86A34820F55E930077DFD9 /* UploadVC.swift */ = {isa = PBXFileReference; lastKnownFileType = sourcecode.swift; path = UploadVC.swift; sourceTree = "<group>"; };
		CC86A34B20F55E930077DFD9 /* Base */ = {isa = PBXFileReference; lastKnownFileType = file.storyboard; name = Base; path = Base.lproj/Main.storyboard; sourceTree = "<group>"; };
		CC86A34D20F55E940077DFD9 /* Assets.xcassets */ = {isa = PBXFileReference; lastKnownFileType = folder.assetcatalog; path = Assets.xcassets; sourceTree = "<group>"; };
		CC86A35020F55E940077DFD9 /* Base */ = {isa = PBXFileReference; lastKnownFileType = file.storyboard; name = Base; path = Base.lproj/LaunchScreen.storyboard; sourceTree = "<group>"; };
		CC86A35220F55E940077DFD9 /* Info.plist */ = {isa = PBXFileReference; lastKnownFileType = text.plist.xml; path = Info.plist; sourceTree = "<group>"; };
		CC86A35720F55E940077DFD9 /* CloneInstagramTests.xctest */ = {isa = PBXFileReference; explicitFileType = wrapper.cfbundle; includeInIndex = 0; path = CloneInstagramTests.xctest; sourceTree = BUILT_PRODUCTS_DIR; };
		CC86A35B20F55E940077DFD9 /* CloneInstagramTests.swift */ = {isa = PBXFileReference; lastKnownFileType = sourcecode.swift; path = CloneInstagramTests.swift; sourceTree = "<group>"; };
		CC86A35D20F55E940077DFD9 /* Info.plist */ = {isa = PBXFileReference; lastKnownFileType = text.plist.xml; path = Info.plist; sourceTree = "<group>"; };
		CC86A36220F55E940077DFD9 /* CloneInstagramUITests.xctest */ = {isa = PBXFileReference; explicitFileType = wrapper.cfbundle; includeInIndex = 0; path = CloneInstagramUITests.xctest; sourceTree = BUILT_PRODUCTS_DIR; };
		CC86A36620F55E940077DFD9 /* CloneInstagramUITests.swift */ = {isa = PBXFileReference; lastKnownFileType = sourcecode.swift; path = CloneInstagramUITests.swift; sourceTree = "<group>"; };
		CC86A36820F55E940077DFD9 /* Info.plist */ = {isa = PBXFileReference; lastKnownFileType = text.plist.xml; path = Info.plist; sourceTree = "<group>"; };
		CC86A37820F5857E0077DFD9 /* SignInVC.swift */ = {isa = PBXFileReference; lastKnownFileType = sourcecode.swift; path = SignInVC.swift; sourceTree = "<group>"; };
		E510D4FFBF3E6D8E8D6603D6 /* Pods_CloneInstagram.framework */ = {isa = PBXFileReference; explicitFileType = wrapper.framework; includeInIndex = 0; path = Pods_CloneInstagram.framework; sourceTree = BUILT_PRODUCTS_DIR; };
/* End PBXFileReference section */

/* Begin PBXFrameworksBuildPhase section */
		CC86A33E20F55E930077DFD9 /* Frameworks */ = {
			isa = PBXFrameworksBuildPhase;
			buildActionMask = 2147483647;
			files = (
				395967732B65B208C6E647BB /* Pods_CloneInstagram.framework in Frameworks */,
			);
			runOnlyForDeploymentPostprocessing = 0;
		};
		CC86A35420F55E940077DFD9 /* Frameworks */ = {
			isa = PBXFrameworksBuildPhase;
			buildActionMask = 2147483647;
			files = (
				A332FB665E982C912093FD2A /* Pods_CloneInstagramTests.framework in Frameworks */,
			);
			runOnlyForDeploymentPostprocessing = 0;
		};
		CC86A35F20F55E940077DFD9 /* Frameworks */ = {
			isa = PBXFrameworksBuildPhase;
			buildActionMask = 2147483647;
			files = (
				A359A18C923193327D74ED50 /* Pods_CloneInstagramUITests.framework in Frameworks */,
			);
			runOnlyForDeploymentPostprocessing = 0;
		};
/* End PBXFrameworksBuildPhase section */

/* Begin PBXGroup section */
		5C7C0E74C0CB74D8A7210FDB /* Frameworks */ = {
			isa = PBXGroup;
			children = (
				E510D4FFBF3E6D8E8D6603D6 /* Pods_CloneInstagram.framework */,
				57716D77BBA7240BFE368EAB /* Pods_CloneInstagramTests.framework */,
				A72250BCD4E6104F83927FAA /* Pods_CloneInstagramUITests.framework */,
			);
			name = Frameworks;
			sourceTree = "<group>";
		};
		CC86A33820F55E930077DFD9 = {
			isa = PBXGroup;
			children = (
				CC86A34320F55E930077DFD9 /* CloneInstagram */,
				CC86A35A20F55E940077DFD9 /* CloneInstagramTests */,
				CC86A36520F55E940077DFD9 /* CloneInstagramUITests */,
				CC86A34220F55E930077DFD9 /* Products */,
				D1425D21E072C63F7515B28D /* Pods */,
				5C7C0E74C0CB74D8A7210FDB /* Frameworks */,
			);
			sourceTree = "<group>";
		};
		CC86A34220F55E930077DFD9 /* Products */ = {
			isa = PBXGroup;
			children = (
				CC86A34120F55E930077DFD9 /* CloneInstagram.app */,
				CC86A35720F55E940077DFD9 /* CloneInstagramTests.xctest */,
				CC86A36220F55E940077DFD9 /* CloneInstagramUITests.xctest */,
			);
			name = Products;
			sourceTree = "<group>";
		};
		CC86A34320F55E930077DFD9 /* CloneInstagram */ = {
			isa = PBXGroup;
			children = (
				CC86A34420F55E930077DFD9 /* AppDelegate.swift */,
				CC86A34620F55E930077DFD9 /* FeedVC.swift */,
				CC86A34820F55E930077DFD9 /* UploadVC.swift */,
				CC86A34A20F55E930077DFD9 /* Main.storyboard */,
				CC86A37820F5857E0077DFD9 /* SignInVC.swift */,
				CC86A34D20F55E940077DFD9 /* Assets.xcassets */,
				CC86A34F20F55E940077DFD9 /* LaunchScreen.storyboard */,
				CC86A35220F55E940077DFD9 /* Info.plist */,
			);
			path = CloneInstagram;
			sourceTree = "<group>";
		};
		CC86A35A20F55E940077DFD9 /* CloneInstagramTests */ = {
			isa = PBXGroup;
			children = (
				CC86A35B20F55E940077DFD9 /* CloneInstagramTests.swift */,
				CC86A35D20F55E940077DFD9 /* Info.plist */,
			);
			path = CloneInstagramTests;
			sourceTree = "<group>";
		};
		CC86A36520F55E940077DFD9 /* CloneInstagramUITests */ = {
			isa = PBXGroup;
			children = (
				CC86A36620F55E940077DFD9 /* CloneInstagramUITests.swift */,
				CC86A36820F55E940077DFD9 /* Info.plist */,
			);
			path = CloneInstagramUITests;
			sourceTree = "<group>";
		};
		D1425D21E072C63F7515B28D /* Pods */ = {
			isa = PBXGroup;
			children = (
				B90B9D3D0945493827C16155 /* Pods-CloneInstagram.debug.xcconfig */,
				A16F93F2DE97439E7A076725 /* Pods-CloneInstagram.release.xcconfig */,
				033AFA6B79533DECE273BE06 /* Pods-CloneInstagramTests.debug.xcconfig */,
				713BC76F82A4F538F8BB167C /* Pods-CloneInstagramTests.release.xcconfig */,
				4D119286A34C7BEDB3A25C92 /* Pods-CloneInstagramUITests.debug.xcconfig */,
				B100CD15860689AD03D45898 /* Pods-CloneInstagramUITests.release.xcconfig */,
			);
			name = Pods;
			sourceTree = "<group>";
		};
/* End PBXGroup section */

/* Begin PBXNativeTarget section */
		CC86A34020F55E930077DFD9 /* CloneInstagram */ = {
			isa = PBXNativeTarget;
			buildConfigurationList = CC86A36B20F55E940077DFD9 /* Build configuration list for PBXNativeTarget "CloneInstagram" */;
			buildPhases = (
				6641ACE0A682E6BB10B15833 /* [CP] Check Pods Manifest.lock */,
				CC86A33D20F55E930077DFD9 /* Sources */,
				CC86A33E20F55E930077DFD9 /* Frameworks */,
				CC86A33F20F55E930077DFD9 /* Resources */,
				CCF4CF7D80CC6C4B9A582237 /* [CP] Embed Pods Frameworks */,
			);
			buildRules = (
			);
			dependencies = (
			);
			name = CloneInstagram;
			productName = CloneInstagram;
			productReference = CC86A34120F55E930077DFD9 /* CloneInstagram.app */;
			productType = "com.apple.product-type.application";
		};
		CC86A35620F55E940077DFD9 /* CloneInstagramTests */ = {
			isa = PBXNativeTarget;
			buildConfigurationList = CC86A36E20F55E940077DFD9 /* Build configuration list for PBXNativeTarget "CloneInstagramTests" */;
			buildPhases = (
				94B431BE7EA08F08D7700B27 /* [CP] Check Pods Manifest.lock */,
				CC86A35320F55E940077DFD9 /* Sources */,
				CC86A35420F55E940077DFD9 /* Frameworks */,
				CC86A35520F55E940077DFD9 /* Resources */,
			);
			buildRules = (
			);
			dependencies = (
				CC86A35920F55E940077DFD9 /* PBXTargetDependency */,
			);
			name = CloneInstagramTests;
			productName = CloneInstagramTests;
			productReference = CC86A35720F55E940077DFD9 /* CloneInstagramTests.xctest */;
			productType = "com.apple.product-type.bundle.unit-test";
		};
		CC86A36120F55E940077DFD9 /* CloneInstagramUITests */ = {
			isa = PBXNativeTarget;
			buildConfigurationList = CC86A37120F55E940077DFD9 /* Build configuration list for PBXNativeTarget "CloneInstagramUITests" */;
			buildPhases = (
				B4C68DAC60B83E79F05AAE84 /* [CP] Check Pods Manifest.lock */,
				CC86A35E20F55E940077DFD9 /* Sources */,
				CC86A35F20F55E940077DFD9 /* Frameworks */,
				CC86A36020F55E940077DFD9 /* Resources */,
			);
			buildRules = (
			);
			dependencies = (
				CC86A36420F55E940077DFD9 /* PBXTargetDependency */,
			);
			name = CloneInstagramUITests;
			productName = CloneInstagramUITests;
			productReference = CC86A36220F55E940077DFD9 /* CloneInstagramUITests.xctest */;
			productType = "com.apple.product-type.bundle.ui-testing";
		};
/* End PBXNativeTarget section */

/* Begin PBXProject section */
		CC86A33920F55E930077DFD9 /* Project object */ = {
			isa = PBXProject;
			attributes = {
				LastSwiftUpdateCheck = 0930;
				LastUpgradeCheck = 0930;
				ORGANIZATIONNAME = "Inverted Circle";
				TargetAttributes = {
					CC86A34020F55E930077DFD9 = {
						CreatedOnToolsVersion = 9.3;
					};
					CC86A35620F55E940077DFD9 = {
						CreatedOnToolsVersion = 9.3;
						TestTargetID = CC86A34020F55E930077DFD9;
					};
					CC86A36120F55E940077DFD9 = {
						CreatedOnToolsVersion = 9.3;
						TestTargetID = CC86A34020F55E930077DFD9;
					};
				};
			};
			buildConfigurationList = CC86A33C20F55E930077DFD9 /* Build configuration list for PBXProject "CloneInstagram" */;
			compatibilityVersion = "Xcode 9.3";
			developmentRegion = en;
			hasScannedForEncodings = 0;
			knownRegions = (
				en,
				Base,
			);
			mainGroup = CC86A33820F55E930077DFD9;
			productRefGroup = CC86A34220F55E930077DFD9 /* Products */;
			projectDirPath = "";
			projectRoot = "";
			targets = (
				CC86A34020F55E930077DFD9 /* CloneInstagram */,
				CC86A35620F55E940077DFD9 /* CloneInstagramTests */,
				CC86A36120F55E940077DFD9 /* CloneInstagramUITests */,
			);
		};
/* End PBXProject section */

/* Begin PBXResourcesBuildPhase section */
		CC86A33F20F55E930077DFD9 /* Resources */ = {
			isa = PBXResourcesBuildPhase;
			buildActionMask = 2147483647;
			files = (
				CC86A35120F55E940077DFD9 /* LaunchScreen.storyboard in Resources */,
				CC86A34E20F55E940077DFD9 /* Assets.xcassets in Resources */,
				CC86A34C20F55E930077DFD9 /* Main.storyboard in Resources */,
			);
			runOnlyForDeploymentPostprocessing = 0;
		};
		CC86A35520F55E940077DFD9 /* Resources */ = {
			isa = PBXResourcesBuildPhase;
			buildActionMask = 2147483647;
			files = (
			);
			runOnlyForDeploymentPostprocessing = 0;
		};
		CC86A36020F55E940077DFD9 /* Resources */ = {
			isa = PBXResourcesBuildPhase;
			buildActionMask = 2147483647;
			files = (
			);
			runOnlyForDeploymentPostprocessing = 0;
		};
/* End PBXResourcesBuildPhase section */

/* Begin PBXShellScriptBuildPhase section */
		6641ACE0A682E6BB10B15833 /* [CP] Check Pods Manifest.lock */ = {
			isa = PBXShellScriptBuildPhase;
			buildActionMask = 2147483647;
			files = (
			);
			inputPaths = (
				"${PODS_PODFILE_DIR_PATH}/Podfile.lock",
				"${PODS_ROOT}/Manifest.lock",
			);
			name = "[CP] Check Pods Manifest.lock";
			outputPaths = (
				"$(DERIVED_FILE_DIR)/Pods-CloneInstagram-checkManifestLockResult.txt",
			);
			runOnlyForDeploymentPostprocessing = 0;
			shellPath = /bin/sh;
			shellScript = "diff \"${PODS_PODFILE_DIR_PATH}/Podfile.lock\" \"${PODS_ROOT}/Manifest.lock\" > /dev/null\nif [ $? != 0 ] ; then\n    # print error to STDERR\n    echo \"error: The sandbox is not in sync with the Podfile.lock. Run 'pod install' or update your CocoaPods installation.\" >&2\n    exit 1\nfi\n# This output is used by Xcode 'outputs' to avoid re-running this script phase.\necho \"SUCCESS\" > \"${SCRIPT_OUTPUT_FILE_0}\"\n";
			showEnvVarsInLog = 0;
		};
		94B431BE7EA08F08D7700B27 /* [CP] Check Pods Manifest.lock */ = {
			isa = PBXShellScriptBuildPhase;
			buildActionMask = 2147483647;
			files = (
			);
			inputPaths = (
				"${PODS_PODFILE_DIR_PATH}/Podfile.lock",
				"${PODS_ROOT}/Manifest.lock",
			);
			name = "[CP] Check Pods Manifest.lock";
			outputPaths = (
				"$(DERIVED_FILE_DIR)/Pods-CloneInstagramTests-checkManifestLockResult.txt",
			);
			runOnlyForDeploymentPostprocessing = 0;
			shellPath = /bin/sh;
			shellScript = "diff \"${PODS_PODFILE_DIR_PATH}/Podfile.lock\" \"${PODS_ROOT}/Manifest.lock\" > /dev/null\nif [ $? != 0 ] ; then\n    # print error to STDERR\n    echo \"error: The sandbox is not in sync with the Podfile.lock. Run 'pod install' or update your CocoaPods installation.\" >&2\n    exit 1\nfi\n# This output is used by Xcode 'outputs' to avoid re-running this script phase.\necho \"SUCCESS\" > \"${SCRIPT_OUTPUT_FILE_0}\"\n";
			showEnvVarsInLog = 0;
		};
		B4C68DAC60B83E79F05AAE84 /* [CP] Check Pods Manifest.lock */ = {
			isa = PBXShellScriptBuildPhase;
			buildActionMask = 2147483647;
			files = (
			);
			inputPaths = (
				"${PODS_PODFILE_DIR_PATH}/Podfile.lock",
				"${PODS_ROOT}/Manifest.lock",
			);
			name = "[CP] Check Pods Manifest.lock";
			outputPaths = (
				"$(DERIVED_FILE_DIR)/Pods-CloneInstagramUITests-checkManifestLockResult.txt",
			);
			runOnlyForDeploymentPostprocessing = 0;
			shellPath = /bin/sh;
			shellScript = "diff \"${PODS_PODFILE_DIR_PATH}/Podfile.lock\" \"${PODS_ROOT}/Manifest.lock\" > /dev/null\nif [ $? != 0 ] ; then\n    # print error to STDERR\n    echo \"error: The sandbox is not in sync with the Podfile.lock. Run 'pod install' or update your CocoaPods installation.\" >&2\n    exit 1\nfi\n# This output is used by Xcode 'outputs' to avoid re-running this script phase.\necho \"SUCCESS\" > \"${SCRIPT_OUTPUT_FILE_0}\"\n";
			showEnvVarsInLog = 0;
		};
		CCF4CF7D80CC6C4B9A582237 /* [CP] Embed Pods Frameworks */ = {
			isa = PBXShellScriptBuildPhase;
			buildActionMask = 2147483647;
			files = (
			);
			inputPaths = (
				"${SRCROOT}/Pods/Target Support Files/Pods-CloneInstagram/Pods-CloneInstagram-frameworks.sh",
				"${BUILT_PRODUCTS_DIR}/Bolts/Bolts.framework",
				"${BUILT_PRODUCTS_DIR}/Parse/Parse.framework",
			);
			name = "[CP] Embed Pods Frameworks";
			outputPaths = (
				"${TARGET_BUILD_DIR}/${FRAMEWORKS_FOLDER_PATH}/Bolts.framework",
				"${TARGET_BUILD_DIR}/${FRAMEWORKS_FOLDER_PATH}/Parse.framework",
			);
			runOnlyForDeploymentPostprocessing = 0;
			shellPath = /bin/sh;
			shellScript = "\"${SRCROOT}/Pods/Target Support Files/Pods-CloneInstagram/Pods-CloneInstagram-frameworks.sh\"\n";
			showEnvVarsInLog = 0;
		};
/* End PBXShellScriptBuildPhase section */

/* Begin PBXSourcesBuildPhase section */
		CC86A33D20F55E930077DFD9 /* Sources */ = {
			isa = PBXSourcesBuildPhase;
			buildActionMask = 2147483647;
			files = (
				CC86A34920F55E930077DFD9 /* UploadVC.swift in Sources */,
				CC86A34520F55E930077DFD9 /* AppDelegate.swift in Sources */,
				CC86A37920F5857E0077DFD9 /* SignInVC.swift in Sources */,
				CC86A34720F55E930077DFD9 /* FeedVC.swift in Sources */,
			);
			runOnlyForDeploymentPostprocessing = 0;
		};
		CC86A35320F55E940077DFD9 /* Sources */ = {
			isa = PBXSourcesBuildPhase;
			buildActionMask = 2147483647;
			files = (
				CC86A35C20F55E940077DFD9 /* CloneInstagramTests.swift in Sources */,
			);
			runOnlyForDeploymentPostprocessing = 0;
		};
		CC86A35E20F55E940077DFD9 /* Sources */ = {
			isa = PBXSourcesBuildPhase;
			buildActionMask = 2147483647;
			files = (
				CC86A36720F55E940077DFD9 /* CloneInstagramUITests.swift in Sources */,
			);
			runOnlyForDeploymentPostprocessing = 0;
		};
/* End PBXSourcesBuildPhase section */

/* Begin PBXTargetDependency section */
		CC86A35920F55E940077DFD9 /* PBXTargetDependency */ = {
			isa = PBXTargetDependency;
			target = CC86A34020F55E930077DFD9 /* CloneInstagram */;
			targetProxy = CC86A35820F55E940077DFD9 /* PBXContainerItemProxy */;
		};
		CC86A36420F55E940077DFD9 /* PBXTargetDependency */ = {
			isa = PBXTargetDependency;
			target = CC86A34020F55E930077DFD9 /* CloneInstagram */;
			targetProxy = CC86A36320F55E940077DFD9 /* PBXContainerItemProxy */;
		};
/* End PBXTargetDependency section */

/* Begin PBXVariantGroup section */
		CC86A34A20F55E930077DFD9 /* Main.storyboard */ = {
			isa = PBXVariantGroup;
			children = (
				CC86A34B20F55E930077DFD9 /* Base */,
			);
			name = Main.storyboard;
			sourceTree = "<group>";
		};
		CC86A34F20F55E940077DFD9 /* LaunchScreen.storyboard */ = {
			isa = PBXVariantGroup;
			children = (
				CC86A35020F55E940077DFD9 /* Base */,
			);
			name = LaunchScreen.storyboard;
			sourceTree = "<group>";
		};
/* End PBXVariantGroup section */

/* Begin XCBuildConfiguration section */
		CC86A36920F55E940077DFD9 /* Debug */ = {
			isa = XCBuildConfiguration;
			buildSettings = {
				ALWAYS_SEARCH_USER_PATHS = NO;
				CLANG_ANALYZER_NONNULL = YES;
				CLANG_ANALYZER_NUMBER_OBJECT_CONVERSION = YES_AGGRESSIVE;
				CLANG_CXX_LANGUAGE_STANDARD = "gnu++14";
				CLANG_CXX_LIBRARY = "libc++";
				CLANG_ENABLE_MODULES = YES;
				CLANG_ENABLE_OBJC_ARC = YES;
				CLANG_ENABLE_OBJC_WEAK = YES;
				CLANG_WARN_BLOCK_CAPTURE_AUTORELEASING = YES;
				CLANG_WARN_BOOL_CONVERSION = YES;
				CLANG_WARN_COMMA = YES;
				CLANG_WARN_CONSTANT_CONVERSION = YES;
				CLANG_WARN_DEPRECATED_OBJC_IMPLEMENTATIONS = YES;
				CLANG_WARN_DIRECT_OBJC_ISA_USAGE = YES_ERROR;
				CLANG_WARN_DOCUMENTATION_COMMENTS = YES;
				CLANG_WARN_EMPTY_BODY = YES;
				CLANG_WARN_ENUM_CONVERSION = YES;
				CLANG_WARN_INFINITE_RECURSION = YES;
				CLANG_WARN_INT_CONVERSION = YES;
				CLANG_WARN_NON_LITERAL_NULL_CONVERSION = YES;
				CLANG_WARN_OBJC_IMPLICIT_RETAIN_SELF = YES;
				CLANG_WARN_OBJC_LITERAL_CONVERSION = YES;
				CLANG_WARN_OBJC_ROOT_CLASS = YES_ERROR;
				CLANG_WARN_RANGE_LOOP_ANALYSIS = YES;
				CLANG_WARN_STRICT_PROTOTYPES = YES;
				CLANG_WARN_SUSPICIOUS_MOVE = YES;
				CLANG_WARN_UNGUARDED_AVAILABILITY = YES_AGGRESSIVE;
				CLANG_WARN_UNREACHABLE_CODE = YES;
				CLANG_WARN__DUPLICATE_METHOD_MATCH = YES;
				CODE_SIGN_IDENTITY = "iPhone Developer";
				COPY_PHASE_STRIP = NO;
				DEBUG_INFORMATION_FORMAT = dwarf;
				ENABLE_STRICT_OBJC_MSGSEND = YES;
				ENABLE_TESTABILITY = YES;
				GCC_C_LANGUAGE_STANDARD = gnu11;
				GCC_DYNAMIC_NO_PIC = NO;
				GCC_NO_COMMON_BLOCKS = YES;
				GCC_OPTIMIZATION_LEVEL = 0;
				GCC_PREPROCESSOR_DEFINITIONS = (
					"DEBUG=1",
					"$(inherited)",
				);
				GCC_WARN_64_TO_32_BIT_CONVERSION = YES;
				GCC_WARN_ABOUT_RETURN_TYPE = YES_ERROR;
				GCC_WARN_UNDECLARED_SELECTOR = YES;
				GCC_WARN_UNINITIALIZED_AUTOS = YES_AGGRESSIVE;
				GCC_WARN_UNUSED_FUNCTION = YES;
				GCC_WARN_UNUSED_VARIABLE = YES;
				IPHONEOS_DEPLOYMENT_TARGET = 11.3;
				MTL_ENABLE_DEBUG_INFO = YES;
				ONLY_ACTIVE_ARCH = YES;
				SDKROOT = iphoneos;
				SWIFT_ACTIVE_COMPILATION_CONDITIONS = DEBUG;
				SWIFT_OPTIMIZATION_LEVEL = "-Onone";
			};
			name = Debug;
		};
		CC86A36A20F55E940077DFD9 /* Release */ = {
			isa = XCBuildConfiguration;
			buildSettings = {
				ALWAYS_SEARCH_USER_PATHS = NO;
				CLANG_ANALYZER_NONNULL = YES;
				CLANG_ANALYZER_NUMBER_OBJECT_CONVERSION = YES_AGGRESSIVE;
				CLANG_CXX_LANGUAGE_STANDARD = "gnu++14";
				CLANG_CXX_LIBRARY = "libc++";
				CLANG_ENABLE_MODULES = YES;
				CLANG_ENABLE_OBJC_ARC = YES;
				CLANG_ENABLE_OBJC_WEAK = YES;
				CLANG_WARN_BLOCK_CAPTURE_AUTORELEASING = YES;
				CLANG_WARN_BOOL_CONVERSION = YES;
				CLANG_WARN_COMMA = YES;
				CLANG_WARN_CONSTANT_CONVERSION = YES;
				CLANG_WARN_DEPRECATED_OBJC_IMPLEMENTATIONS = YES;
				CLANG_WARN_DIRECT_OBJC_ISA_USAGE = YES_ERROR;
				CLANG_WARN_DOCUMENTATION_COMMENTS = YES;
				CLANG_WARN_EMPTY_BODY = YES;
				CLANG_WARN_ENUM_CONVERSION = YES;
				CLANG_WARN_INFINITE_RECURSION = YES;
				CLANG_WARN_INT_CONVERSION = YES;
				CLANG_WARN_NON_LITERAL_NULL_CONVERSION = YES;
				CLANG_WARN_OBJC_IMPLICIT_RETAIN_SELF = YES;
				CLANG_WARN_OBJC_LITERAL_CONVERSION = YES;
				CLANG_WARN_OBJC_ROOT_CLASS = YES_ERROR;
				CLANG_WARN_RANGE_LOOP_ANALYSIS = YES;
				CLANG_WARN_STRICT_PROTOTYPES = YES;
				CLANG_WARN_SUSPICIOUS_MOVE = YES;
				CLANG_WARN_UNGUARDED_AVAILABILITY = YES_AGGRESSIVE;
				CLANG_WARN_UNREACHABLE_CODE = YES;
				CLANG_WARN__DUPLICATE_METHOD_MATCH = YES;
				CODE_SIGN_IDENTITY = "iPhone Developer";
				COPY_PHASE_STRIP = NO;
				DEBUG_INFORMATION_FORMAT = "dwarf-with-dsym";
				ENABLE_NS_ASSERTIONS = NO;
				ENABLE_STRICT_OBJC_MSGSEND = YES;
				GCC_C_LANGUAGE_STANDARD = gnu11;
				GCC_NO_COMMON_BLOCKS = YES;
				GCC_WARN_64_TO_32_BIT_CONVERSION = YES;
				GCC_WARN_ABOUT_RETURN_TYPE = YES_ERROR;
				GCC_WARN_UNDECLARED_SELECTOR = YES;
				GCC_WARN_UNINITIALIZED_AUTOS = YES_AGGRESSIVE;
				GCC_WARN_UNUSED_FUNCTION = YES;
				GCC_WARN_UNUSED_VARIABLE = YES;
				IPHONEOS_DEPLOYMENT_TARGET = 11.3;
				MTL_ENABLE_DEBUG_INFO = NO;
				SDKROOT = iphoneos;
				SWIFT_COMPILATION_MODE = wholemodule;
				SWIFT_OPTIMIZATION_LEVEL = "-O";
				VALIDATE_PRODUCT = YES;
			};
			name = Release;
		};
		CC86A36C20F55E940077DFD9 /* Debug */ = {
			isa = XCBuildConfiguration;
			baseConfigurationReference = B90B9D3D0945493827C16155 /* Pods-CloneInstagram.debug.xcconfig */;
			buildSettings = {
				ASSETCATALOG_COMPILER_APPICON_NAME = AppIcon;
				CODE_SIGN_STYLE = Automatic;
				FRAMEWORK_SEARCH_PATHS = (
					"$(inherited)",
					"\"${PODS_CONFIGURATION_BUILD_DIR}/Bolts\"",
					"\"${PODS_CONFIGURATION_BUILD_DIR}/Parse\"",
					"$(PROJECT_DIR)",
				);
				INFOPLIST_FILE = CloneInstagram/Info.plist;
				LD_RUNPATH_SEARCH_PATHS = (
					"$(inherited)",
					"@executable_path/Frameworks",
				);
				PRODUCT_BUNDLE_IDENTIFIER = com.invertedCircle.CloneInstagram;
				PRODUCT_NAME = "$(TARGET_NAME)";
				SWIFT_VERSION = 4.0;
				TARGETED_DEVICE_FAMILY = "1,2";
			};
			name = Debug;
		};
		CC86A36D20F55E940077DFD9 /* Release */ = {
			isa = XCBuildConfiguration;
			baseConfigurationReference = A16F93F2DE97439E7A076725 /* Pods-CloneInstagram.release.xcconfig */;
			buildSettings = {
				ASSETCATALOG_COMPILER_APPICON_NAME = AppIcon;
				CODE_SIGN_STYLE = Automatic;
				FRAMEWORK_SEARCH_PATHS = (
					"$(inherited)",
					"\"${PODS_CONFIGURATION_BUILD_DIR}/Bolts\"",
					"\"${PODS_CONFIGURATION_BUILD_DIR}/Parse\"",
					"$(PROJECT_DIR)",
				);
				INFOPLIST_FILE = CloneInstagram/Info.plist;
				LD_RUNPATH_SEARCH_PATHS = (
					"$(inherited)",
					"@executable_path/Frameworks",
				);
				PRODUCT_BUNDLE_IDENTIFIER = com.invertedCircle.CloneInstagram;
				PRODUCT_NAME = "$(TARGET_NAME)";
				SWIFT_VERSION = 4.0;
				TARGETED_DEVICE_FAMILY = "1,2";
			};
			name = Release;
		};
		CC86A36F20F55E940077DFD9 /* Debug */ = {
			isa = XCBuildConfiguration;
			baseConfigurationReference = 033AFA6B79533DECE273BE06 /* Pods-CloneInstagramTests.debug.xcconfig */;
			buildSettings = {
				ALWAYS_EMBED_SWIFT_STANDARD_LIBRARIES = YES;
				BUNDLE_LOADER = "$(TEST_HOST)";
				CODE_SIGN_STYLE = Automatic;
				INFOPLIST_FILE = CloneInstagramTests/Info.plist;
				LD_RUNPATH_SEARCH_PATHS = (
					"$(inherited)",
					"@executable_path/Frameworks",
					"@loader_path/Frameworks",
				);
				PRODUCT_BUNDLE_IDENTIFIER = com.invertedCircle.CloneInstagramTests;
				PRODUCT_NAME = "$(TARGET_NAME)";
				SWIFT_VERSION = 4.0;
				TARGETED_DEVICE_FAMILY = "1,2";
				TEST_HOST = "$(BUILT_PRODUCTS_DIR)/CloneInstagram.app/CloneInstagram";
			};
			name = Debug;
		};
		CC86A37020F55E940077DFD9 /* Release */ = {
			isa = XCBuildConfiguration;
			baseConfigurationReference = 713BC76F82A4F538F8BB167C /* Pods-CloneInstagramTests.release.xcconfig */;
			buildSettings = {
				ALWAYS_EMBED_SWIFT_STANDARD_LIBRARIES = YES;
				BUNDLE_LOADER = "$(TEST_HOST)";
				CODE_SIGN_STYLE = Automatic;
				INFOPLIST_FILE = CloneInstagramTests/Info.plist;
				LD_RUNPATH_SEARCH_PATHS = (
					"$(inherited)",
					"@executable_path/Frameworks",
					"@loader_path/Frameworks",
				);
				PRODUCT_BUNDLE_IDENTIFIER = com.invertedCircle.CloneInstagramTests;
				PRODUCT_NAME = "$(TARGET_NAME)";
				SWIFT_VERSION = 4.0;
				TARGETED_DEVICE_FAMILY = "1,2";
				TEST_HOST = "$(BUILT_PRODUCTS_DIR)/CloneInstagram.app/CloneInstagram";
			};
			name = Release;
		};
		CC86A37220F55E940077DFD9 /* Debug */ = {
			isa = XCBuildConfiguration;
			baseConfigurationReference = 4D119286A34C7BEDB3A25C92 /* Pods-CloneInstagramUITests.debug.xcconfig */;
			buildSettings = {
				ALWAYS_EMBED_SWIFT_STANDARD_LIBRARIES = YES;
				CODE_SIGN_STYLE = Automatic;
				INFOPLIST_FILE = CloneInstagramUITests/Info.plist;
				LD_RUNPATH_SEARCH_PATHS = (
					"$(inherited)",
					"@executable_path/Frameworks",
					"@loader_path/Frameworks",
				);
				PRODUCT_BUNDLE_IDENTIFIER = com.invertedCircle.CloneInstagramUITests;
				PRODUCT_NAME = "$(TARGET_NAME)";
				SWIFT_VERSION = 4.0;
				TARGETED_DEVICE_FAMILY = "1,2";
				TEST_TARGET_NAME = CloneInstagram;
			};
			name = Debug;
		};
		CC86A37320F55E940077DFD9 /* Release */ = {
			isa = XCBuildConfiguration;
			baseConfigurationReference = B100CD15860689AD03D45898 /* Pods-CloneInstagramUITests.release.xcconfig */;
			buildSettings = {
				ALWAYS_EMBED_SWIFT_STANDARD_LIBRARIES = YES;
				CODE_SIGN_STYLE = Automatic;
				INFOPLIST_FILE = CloneInstagramUITests/Info.plist;
				LD_RUNPATH_SEARCH_PATHS = (
					"$(inherited)",
					"@executable_path/Frameworks",
					"@loader_path/Frameworks",
				);
				PRODUCT_BUNDLE_IDENTIFIER = com.invertedCircle.CloneInstagramUITests;
				PRODUCT_NAME = "$(TARGET_NAME)";
				SWIFT_VERSION = 4.0;
				TARGETED_DEVICE_FAMILY = "1,2";
				TEST_TARGET_NAME = CloneInstagram;
			};
			name = Release;
		};
/* End XCBuildConfiguration section */

/* Begin XCConfigurationList section */
		CC86A33C20F55E930077DFD9 /* Build configuration list for PBXProject "CloneInstagram" */ = {
			isa = XCConfigurationList;
			buildConfigurations = (
				CC86A36920F55E940077DFD9 /* Debug */,
				CC86A36A20F55E940077DFD9 /* Release */,
			);
			defaultConfigurationIsVisible = 0;
			defaultConfigurationName = Release;
		};
		CC86A36B20F55E940077DFD9 /* Build configuration list for PBXNativeTarget "CloneInstagram" */ = {
			isa = XCConfigurationList;
			buildConfigurations = (
				CC86A36C20F55E940077DFD9 /* Debug */,
				CC86A36D20F55E940077DFD9 /* Release */,
			);
			defaultConfigurationIsVisible = 0;
			defaultConfigurationName = Release;
		};
		CC86A36E20F55E940077DFD9 /* Build configuration list for PBXNativeTarget "CloneInstagramTests" */ = {
			isa = XCConfigurationList;
			buildConfigurations = (
				CC86A36F20F55E940077DFD9 /* Debug */,
				CC86A37020F55E940077DFD9 /* Release */,
			);
			defaultConfigurationIsVisible = 0;
			defaultConfigurationName = Release;
		};
		CC86A37120F55E940077DFD9 /* Build configuration list for PBXNativeTarget "CloneInstagramUITests" */ = {
			isa = XCConfigurationList;
			buildConfigurations = (
				CC86A37220F55E940077DFD9 /* Debug */,
				CC86A37320F55E940077DFD9 /* Release */,
			);
			defaultConfigurationIsVisible = 0;
			defaultConfigurationName = Release;
		};
/* End XCConfigurationList section */
	};
	rootObject = CC86A33920F55E930077DFD9 /* Project object */;
}
